
Microsoft Visual Studio Solution File, Format Version 12.00
# Visual Studio Version 17
VisualStudioVersion = 17.3.32825.248
MinimumVisualStudioVersion = 10.0.40219.1
Project("{9A19103F-16F7-4668-BE54-9A1E7A4F7556}") = "Cko-Payment-Module", "Cko-Payment-Module\Cko-Payment-Module.csproj", "{7355C408-60D8-4959-BF0B-DAD95AE88682}"
EndProject
Project("{9A19103F-16F7-4668-BE54-9A1E7A4F7556}") = "Contracts", "Contracts\Contracts.csproj", "{92A2B7E4-F8E7-4ADD-A9D9-C31F068D5D87}"
EndProject
Project("{9A19103F-16F7-4668-BE54-9A1E7A4F7556}") = "LoggerService", "LoggerService\LoggerService.csproj", "{AB054726-637E-4051-9CE1-66DDB3A10108}"
EndProject
Project("{9A19103F-16F7-4668-BE54-9A1E7A4F7556}") = "Entities", "Entities\Entities.csproj", "{A50B5279-5D7E-4E4B-BA3E-33D3344F48D2}"
EndProject
Project("{9A19103F-16F7-4668-BE54-9A1E7A4F7556}") = "Repository", "Repository\Repository.csproj", "{2869D3DA-C8BD-41A3-A75C-AB23BDFA82BB}"
EndProject
Project("{9A19103F-16F7-4668-BE54-9A1E7A4F7556}") = "Service.Contracts", "Service.Contracts\Service.Contracts.csproj", "{0E43D993-5A69-489B-AD26-16BF8FA9F8A8}"
EndProject
Project("{9A19103F-16F7-4668-BE54-9A1E7A4F7556}") = "Service", "Service\Service.csproj", "{D397A479-4CA1-4090-9F2F-D6C716D0C6CA}"
EndProject
Project("{9A19103F-16F7-4668-BE54-9A1E7A4F7556}") = "Cko-Payment-Module.Presentation", "Cko-Payment-Module.Presentation\Cko-Payment-Module.Presentation.csproj", "{57A98047-20C0-456F-839C-9E947F268B3A}"
EndProject
Project("{9A19103F-16F7-4668-BE54-9A1E7A4F7556}") = "Shared", "Shared\Shared.csproj", "{81541385-7CD6-41C4-89E4-C9285CFE8672}"
EndProject
Project("{FAE04EC0-301F-11D3-BF4B-00C04F79EFBC}") = "Cko-Payment-Module.Tests", "Cko-Payment-Module.Tests\Cko-Payment-Module.Tests.csproj", "{EEDF7D9E-2A05-4C8C-B933-E1B420F65F6E}"
EndProject
Global
	GlobalSection(SolutionConfigurationPlatforms) = preSolution
		Debug|Any CPU = Debug|Any CPU
		Release|Any CPU = Release|Any CPU
	EndGlobalSection
	GlobalSection(ProjectConfigurationPlatforms) = postSolution
		{7355C408-60D8-4959-BF0B-DAD95AE88682}.Debug|Any CPU.ActiveCfg = Debug|Any CPU
		{7355C408-60D8-4959-BF0B-DAD95AE88682}.Debug|Any CPU.Build.0 = Debug|Any CPU
		{7355C408-60D8-4959-BF0B-DAD95AE88682}.Release|Any CPU.ActiveCfg = Release|Any CPU
		{7355C408-60D8-4959-BF0B-DAD95AE88682}.Release|Any CPU.Build.0 = Release|Any CPU
		{92A2B7E4-F8E7-4ADD-A9D9-C31F068D5D87}.Debug|Any CPU.ActiveCfg = Debug|Any CPU
		{92A2B7E4-F8E7-4ADD-A9D9-C31F068D5D87}.Debug|Any CPU.Build.0 = Debug|Any CPU
		{92A2B7E4-F8E7-4ADD-A9D9-C31F068D5D87}.Release|Any CPU.ActiveCfg = Release|Any CPU
		{92A2B7E4-F8E7-4ADD-A9D9-C31F068D5D87}.Release|Any CPU.Build.0 = Release|Any CPU
		{AB054726-637E-4051-9CE1-66DDB3A10108}.Debug|Any CPU.ActiveCfg = Debug|Any CPU
		{AB054726-637E-4051-9CE1-66DDB3A10108}.Debug|Any CPU.Build.0 = Debug|Any CPU
		{AB054726-637E-4051-9CE1-66DDB3A10108}.Release|Any CPU.ActiveCfg = Release|Any CPU
		{AB054726-637E-4051-9CE1-66DDB3A10108}.Release|Any CPU.Build.0 = Release|Any CPU
		{A50B5279-5D7E-4E4B-BA3E-33D3344F48D2}.Debug|Any CPU.ActiveCfg = Debug|Any CPU
		{A50B5279-5D7E-4E4B-BA3E-33D3344F48D2}.Debug|Any CPU.Build.0 = Debug|Any CPU
		{A50B5279-5D7E-4E4B-BA3E-33D3344F48D2}.Release|Any CPU.ActiveCfg = Release|Any CPU
		{A50B5279-5D7E-4E4B-BA3E-33D3344F48D2}.Release|Any CPU.Build.0 = Release|Any CPU
		{2869D3DA-C8BD-41A3-A75C-AB23BDFA82BB}.Debug|Any CPU.ActiveCfg = Debug|Any CPU
		{2869D3DA-C8BD-41A3-A75C-AB23BDFA82BB}.Debug|Any CPU.Build.0 = Debug|Any CPU
		{2869D3DA-C8BD-41A3-A75C-AB23BDFA82BB}.Release|Any CPU.ActiveCfg = Release|Any CPU
		{2869D3DA-C8BD-41A3-A75C-AB23BDFA82BB}.Release|Any CPU.Build.0 = Release|Any CPU
		{0E43D993-5A69-489B-AD26-16BF8FA9F8A8}.Debug|Any CPU.ActiveCfg = Debug|Any CPU
		{0E43D993-5A69-489B-AD26-16BF8FA9F8A8}.Debug|Any CPU.Build.0 = Debug|Any CPU
		{0E43D993-5A69-489B-AD26-16BF8FA9F8A8}.Release|Any CPU.ActiveCfg = Release|Any CPU
		{0E43D993-5A69-489B-AD26-16BF8FA9F8A8}.Release|Any CPU.Build.0 = Release|Any CPU
		{D397A479-4CA1-4090-9F2F-D6C716D0C6CA}.Debug|Any CPU.ActiveCfg = Debug|Any CPU
		{D397A479-4CA1-4090-9F2F-D6C716D0C6CA}.Debug|Any CPU.Build.0 = Debug|Any CPU
		{D397A479-4CA1-4090-9F2F-D6C716D0C6CA}.Release|Any CPU.ActiveCfg = Release|Any CPU
		{D397A479-4CA1-4090-9F2F-D6C716D0C6CA}.Release|Any CPU.Build.0 = Release|Any CPU
		{57A98047-20C0-456F-839C-9E947F268B3A}.Debug|Any CPU.ActiveCfg = Debug|Any CPU
		{57A98047-20C0-456F-839C-9E947F268B3A}.Debug|Any CPU.Build.0 = Debug|Any CPU
		{57A98047-20C0-456F-839C-9E947F268B3A}.Release|Any CPU.ActiveCfg = Release|Any CPU
		{57A98047-20C0-456F-839C-9E947F268B3A}.Release|Any CPU.Build.0 = Release|Any CPU
		{81541385-7CD6-41C4-89E4-C9285CFE8672}.Debug|Any CPU.ActiveCfg = Debug|Any CPU
		{81541385-7CD6-41C4-89E4-C9285CFE8672}.Debug|Any CPU.Build.0 = Debug|Any CPU
		{81541385-7CD6-41C4-89E4-C9285CFE8672}.Release|Any CPU.ActiveCfg = Release|Any CPU
		{81541385-7CD6-41C4-89E4-C9285CFE8672}.Release|Any CPU.Build.0 = Release|Any CPU
		{EEDF7D9E-2A05-4C8C-B933-E1B420F65F6E}.Debug|Any CPU.ActiveCfg = Debug|Any CPU
		{EEDF7D9E-2A05-4C8C-B933-E1B420F65F6E}.Debug|Any CPU.Build.0 = Debug|Any CPU
		{EEDF7D9E-2A05-4C8C-B933-E1B420F65F6E}.Release|Any CPU.ActiveCfg = Release|Any CPU
		{EEDF7D9E-2A05-4C8C-B933-E1B420F65F6E}.Release|Any CPU.Build.0 = Release|Any CPU
	EndGlobalSection
	GlobalSection(SolutionProperties) = preSolution
		HideSolutionNode = FALSE
	EndGlobalSection
	GlobalSection(ExtensibilityGlobals) = postSolution
		SolutionGuid = {C3B06D36-C0E5-460A-B1AE-62CE29AE2BDE}
	EndGlobalSection
EndGlobal
