
Microsoft Visual Studio Solution File, Format Version 12.00
# Visual Studio Version 17
VisualStudioVersion = 17.3.32825.248
MinimumVisualStudioVersion = 10.0.40219.1
Project("{9A19103F-16F7-4668-BE54-9A1E7A4F7556}") = "Cko-Payment-Module", "Cko-Payment-Module\Cko-Payment-Module.csproj", "{7355C408-60D8-4959-BF0B-DAD95AE88682}"
EndProject
Project("{9A19103F-16F7-4668-BE54-9A1E7A4F7556}") = "Contracts", "Contracts\Contracts.csproj", "{92A2B7E4-F8E7-4ADD-A9D9-C31F068D5D87}"
EndProject
Project("{9A19103F-16F7-4668-BE54-9A1E7A4F7556}") = "LoggerService", "LoggerService\LoggerService.csproj", "{AB054726-637E-4051-9CE1-66DDB3A10108}"
EndProject
Project("{9A19103F-16F7-4668-BE54-9A1E7A4F7556}") = "Entities", "Entities\Entities.csproj", "{A50B5279-5D7E-4E4B-BA3E-33D3344F48D2}"
EndProject
Project("{FAE04EC0-301F-11D3-BF4B-00C04F79EFBC}") = "Repository", "Repository\Repository.csproj", "{2869D3DA-C8BD-41A3-A75C-AB23BDFA82BB}"
EndProject
Global
	GlobalSection(SolutionConfigurationPlatforms) = preSolution
		Debug|Any CPU = Debug|Any CPU
		Release|Any CPU = Release|Any CPU
	EndGlobalSection
	GlobalSection(ProjectConfigurationPlatforms) = postSolution
		{7355C408-60D8-4959-BF0B-DAD95AE88682}.Debug|Any CPU.ActiveCfg = Debug|Any CPU
		{7355C408-60D8-4959-BF0B-DAD95AE88682}.Debug|Any CPU.Build.0 = Debug|Any CPU
		{7355C408-60D8-4959-BF0B-DAD95AE88682}.Release|Any CPU.ActiveCfg = Release|Any CPU
		{7355C408-60D8-4959-BF0B-DAD95AE88682}.Release|Any CPU.Build.0 = Release|Any CPU
		{92A2B7E4-F8E7-4ADD-A9D9-C31F068D5D87}.Debug|Any CPU.ActiveCfg = Debug|Any CPU
		{92A2B7E4-F8E7-4ADD-A9D9-C31F068D5D87}.Debug|Any CPU.Build.0 = Debug|Any CPU
		{92A2B7E4-F8E7-4ADD-A9D9-C31F068D5D87}.Release|Any CPU.ActiveCfg = Release|Any CPU
		{92A2B7E4-F8E7-4ADD-A9D9-C31F068D5D87}.Release|Any CPU.Build.0 = Release|Any CPU
		{AB054726-637E-4051-9CE1-66DDB3A10108}.Debug|Any CPU.ActiveCfg = Debug|Any CPU
		{AB054726-637E-4051-9CE1-66DDB3A10108}.Debug|Any CPU.Build.0 = Debug|Any CPU
		{AB054726-637E-4051-9CE1-66DDB3A10108}.Release|Any CPU.ActiveCfg = Release|Any CPU
		{AB054726-637E-4051-9CE1-66DDB3A10108}.Release|Any CPU.Build.0 = Release|Any CPU
		{A50B5279-5D7E-4E4B-BA3E-33D3344F48D2}.Debug|Any CPU.ActiveCfg = Debug|Any CPU
		{A50B5279-5D7E-4E4B-BA3E-33D3344F48D2}.Debug|Any CPU.Build.0 = Debug|Any CPU
		{A50B5279-5D7E-4E4B-BA3E-33D3344F48D2}.Release|Any CPU.ActiveCfg = Release|Any CPU
		{A50B5279-5D7E-4E4B-BA3E-33D3344F48D2}.Release|Any CPU.Build.0 = Release|Any CPU
		{2869D3DA-C8BD-41A3-A75C-AB23BDFA82BB}.Debug|Any CPU.ActiveCfg = Debug|Any CPU
		{2869D3DA-C8BD-41A3-A75C-AB23BDFA82BB}.Debug|Any CPU.Build.0 = Debug|Any CPU
		{2869D3DA-C8BD-41A3-A75C-AB23BDFA82BB}.Release|Any CPU.ActiveCfg = Release|Any CPU
		{2869D3DA-C8BD-41A3-A75C-AB23BDFA82BB}.Release|Any CPU.Build.0 = Release|Any CPU
	EndGlobalSection
	GlobalSection(SolutionProperties) = preSolution
		HideSolutionNode = FALSE
	EndGlobalSection
	GlobalSection(ExtensibilityGlobals) = postSolution
		SolutionGuid = {C3B06D36-C0E5-460A-B1AE-62CE29AE2BDE}
	EndGlobalSection
EndGlobal
